// !$*UTF8*$!
{
	archiveVersion = 1;
	classes = {
	};
	objectVersion = 70;
	objects = {

/* Begin PBXBuildFile section */
		FE34A64F2D78BCF200CB4CAE /* CheckEmailAddressAvailableUseCase.swift in Sources */ = {isa = PBXBuildFile; fileRef = FE34A64E2D78BCF200CB4CAE /* CheckEmailAddressAvailableUseCase.swift */; };
		FE5F8A782C296D81001EE8AF /* AuthRepository.swift in Sources */ = {isa = PBXBuildFile; fileRef = FE5F8A772C296D81001EE8AF /* AuthRepository.swift */; };
		FE5F8A7C2C296ECA001EE8AF /* LoginWithCredentialsUseCase.swift in Sources */ = {isa = PBXBuildFile; fileRef = FE5F8A7B2C296ECA001EE8AF /* LoginWithCredentialsUseCase.swift */; };
		FE5F8A802C2971C7001EE8AF /* AuthRepositoryImpl.swift in Sources */ = {isa = PBXBuildFile; fileRef = FE5F8A7F2C2971C7001EE8AF /* AuthRepositoryImpl.swift */; };
		FE5F8A842C297338001EE8AF /* UserDefaultsProvider.swift in Sources */ = {isa = PBXBuildFile; fileRef = FE5F8A832C297338001EE8AF /* UserDefaultsProvider.swift */; };
		FE5F8A862C29737F001EE8AF /* SystemUserDefaultsProvider.swift in Sources */ = {isa = PBXBuildFile; fileRef = FE5F8A852C29737F001EE8AF /* SystemUserDefaultsProvider.swift */; };
		FE5F8A892C2975FC001EE8AF /* LogoutUseCase.swift in Sources */ = {isa = PBXBuildFile; fileRef = FE5F8A882C2975FC001EE8AF /* LogoutUseCase.swift */; };
		FEA53C962C29BF2F006F0116 /* Providers+Injection.swift in Sources */ = {isa = PBXBuildFile; fileRef = FEA53C952C29BF2F006F0116 /* Providers+Injection.swift */; };
		FEA53C982C29BF97006F0116 /* Repositories+Injection.swift in Sources */ = {isa = PBXBuildFile; fileRef = FEA53C972C29BF97006F0116 /* Repositories+Injection.swift */; };
		FEA53C9A2C29BFDF006F0116 /* UseCase+Injection.swift in Sources */ = {isa = PBXBuildFile; fileRef = FEA53C992C29BFDF006F0116 /* UseCase+Injection.swift */; };
		FEA53C9D2C29C1BA006F0116 /* Resolver in Frameworks */ = {isa = PBXBuildFile; productRef = FEA53C9C2C29C1BA006F0116 /* Resolver */; };
		FEA53CA12C29C70B006F0116 /* GetAllPortfoliosUseCase.swift in Sources */ = {isa = PBXBuildFile; fileRef = FEA53CA02C29C70B006F0116 /* GetAllPortfoliosUseCase.swift */; };
		FEA53CA32C29C76E006F0116 /* FeedRepository.swift in Sources */ = {isa = PBXBuildFile; fileRef = FEA53CA22C29C76E006F0116 /* FeedRepository.swift */; };
		FEA53CA52C29C792006F0116 /* FeedRepositoryImpl.swift in Sources */ = {isa = PBXBuildFile; fileRef = FEA53CA42C29C792006F0116 /* FeedRepositoryImpl.swift */; };
		FEA53CA72C29D667006F0116 /* FlagPortfolioUseCase.swift in Sources */ = {isa = PBXBuildFile; fileRef = FEA53CA62C29D667006F0116 /* FlagPortfolioUseCase.swift */; };
		FEA53CA92C29D7E8006F0116 /* UnflagPortfolioUseCase.swift in Sources */ = {isa = PBXBuildFile; fileRef = FEA53CA82C29D7E8006F0116 /* UnflagPortfolioUseCase.swift */; };
		FEA53CAB2C29DE1E006F0116 /* GetFlaggedPortfoliosUseCase.swift in Sources */ = {isa = PBXBuildFile; fileRef = FEA53CAA2C29DE1E006F0116 /* GetFlaggedPortfoliosUseCase.swift */; };
		FEA53CAE2C29E08D006F0116 /* Sequence+Extensions.swift in Sources */ = {isa = PBXBuildFile; fileRef = FEA53CAD2C29E08D006F0116 /* Sequence+Extensions.swift */; };
		FEA53CB12C29E57A006F0116 /* ObjectError.swift in Sources */ = {isa = PBXBuildFile; fileRef = FEA53CB02C29E57A006F0116 /* ObjectError.swift */; };
		FEA53CB42C2AE81C006F0116 /* AlertData.swift in Sources */ = {isa = PBXBuildFile; fileRef = FEA53CB32C2AE81C006F0116 /* AlertData.swift */; };
		FEA53CB62C2AE84F006F0116 /* AlertData+SwiftUI.swift in Sources */ = {isa = PBXBuildFile; fileRef = FEA53CB52C2AE84F006F0116 /* AlertData+SwiftUI.swift */; };
		FEA53CB82C2AE9B1006F0116 /* UnflagAllPortfoliosUseCase.swift in Sources */ = {isa = PBXBuildFile; fileRef = FEA53CB72C2AE9B1006F0116 /* UnflagAllPortfoliosUseCase.swift */; };
		FEA53CBC2C2B0B3D006F0116 /* GetFilteredPortfoliosUseCase.swift in Sources */ = {isa = PBXBuildFile; fileRef = FEA53CBB2C2B0B3D006F0116 /* GetFilteredPortfoliosUseCase.swift */; };
		FEA53CBE2C2B2D3D006F0116 /* GetLoggedInUserUseCase.swift in Sources */ = {isa = PBXBuildFile; fileRef = FEA53CBD2C2B2D3C006F0116 /* GetLoggedInUserUseCase.swift */; };
		FEA53CC22C2C12C8006F0116 /* GetChatsForUserUseCase.swift in Sources */ = {isa = PBXBuildFile; fileRef = FEA53CC12C2C12C8006F0116 /* GetChatsForUserUseCase.swift */; };
		FEA53CC42C2C12EE006F0116 /* MessageRepository.swift in Sources */ = {isa = PBXBuildFile; fileRef = FEA53CC32C2C12EE006F0116 /* MessageRepository.swift */; };
		FEA53CC62C2C136E006F0116 /* MessageRepositoryImpl.swift in Sources */ = {isa = PBXBuildFile; fileRef = FEA53CC52C2C136E006F0116 /* MessageRepositoryImpl.swift */; };
		FEA53CC82C2C16E2006F0116 /* GetUserDataFromUsernameUseCase.swift in Sources */ = {isa = PBXBuildFile; fileRef = FEA53CC72C2C16E2006F0116 /* GetUserDataFromUsernameUseCase.swift */; };
		FEA53CCA2C2C174B006F0116 /* UserRepositoryImpl.swift in Sources */ = {isa = PBXBuildFile; fileRef = FEA53CC92C2C174B006F0116 /* UserRepositoryImpl.swift */; };
		FEA53CCC2C2C1752006F0116 /* UserRepository.swift in Sources */ = {isa = PBXBuildFile; fileRef = FEA53CCB2C2C1752006F0116 /* UserRepository.swift */; };
		FEA53CCF2C2C2304006F0116 /* NewChatSearchView.swift in Sources */ = {isa = PBXBuildFile; fileRef = FEA53CCE2C2C2304006F0116 /* NewChatSearchView.swift */; };
		FEA53CD12C2C2387006F0116 /* NewChatSearchViewModel.swift in Sources */ = {isa = PBXBuildFile; fileRef = FEA53CD02C2C2387006F0116 /* NewChatSearchViewModel.swift */; };
		FEA53CD42C2C2722006F0116 /* ChatView.swift in Sources */ = {isa = PBXBuildFile; fileRef = FEA53CD32C2C2722006F0116 /* ChatView.swift */; };
		FEA53CD62C2C2CEC006F0116 /* CreateNewChatUseCase.swift in Sources */ = {isa = PBXBuildFile; fileRef = FEA53CD52C2C2CEC006F0116 /* CreateNewChatUseCase.swift */; };
		FEA53CD82C2C30BD006F0116 /* ChatViewModel.swift in Sources */ = {isa = PBXBuildFile; fileRef = FEA53CD72C2C30BD006F0116 /* ChatViewModel.swift */; };
		FEA53CDA2C2C3526006F0116 /* SendMessageUseCase.swift in Sources */ = {isa = PBXBuildFile; fileRef = FEA53CD92C2C3526006F0116 /* SendMessageUseCase.swift */; };
		FEA53CDC2C2C39F0006F0116 /* GetLatestChatMessagesUseCase.swift in Sources */ = {isa = PBXBuildFile; fileRef = FEA53CDB2C2C39F0006F0116 /* GetLatestChatMessagesUseCase.swift */; };
		FEA53CDE2C2C49DF006F0116 /* GetChatUseCase.swift in Sources */ = {isa = PBXBuildFile; fileRef = FEA53CDD2C2C49DF006F0116 /* GetChatUseCase.swift */; };
		FEA53CE02C2C6A20006F0116 /* GetUserPortfoliosUseCase.swift in Sources */ = {isa = PBXBuildFile; fileRef = FEA53CDF2C2C6A20006F0116 /* GetUserPortfoliosUseCase.swift */; };
		FEA53CE22C2C88EE006F0116 /* GetUsersFromQueryUseCase.swift in Sources */ = {isa = PBXBuildFile; fileRef = FEA53CE12C2C88EE006F0116 /* GetUsersFromQueryUseCase.swift */; };
		FEA53CE42C2D5A46006F0116 /* EditProfileView.swift in Sources */ = {isa = PBXBuildFile; fileRef = FEA53CE32C2D5A46006F0116 /* EditProfileView.swift */; };
		FEA53CE72C2D5A92006F0116 /* EditPersonalDetailsView.swift in Sources */ = {isa = PBXBuildFile; fileRef = FEA53CE62C2D5A92006F0116 /* EditPersonalDetailsView.swift */; };
		FEA53CEB2C2D5B65006F0116 /* EditProfileDetailsView.swift in Sources */ = {isa = PBXBuildFile; fileRef = FEA53CEA2C2D5B65006F0116 /* EditProfileDetailsView.swift */; };
		FEA53CED2C2D5BAC006F0116 /* EditPortfolioView.swift in Sources */ = {isa = PBXBuildFile; fileRef = FEA53CEC2C2D5BAC006F0116 /* EditPortfolioView.swift */; };
		FEA53CEF2C2D6123006F0116 /* MediaPickerView.swift in Sources */ = {isa = PBXBuildFile; fileRef = FEA53CEE2C2D6123006F0116 /* MediaPickerView.swift */; };
		FEA53CF12C2D6280006F0116 /* EditProfileViewModel.swift in Sources */ = {isa = PBXBuildFile; fileRef = FEA53CF02C2D6280006F0116 /* EditProfileViewModel.swift */; };
		FEA53CF42C2D791F006F0116 /* NewPortfolioView.swift in Sources */ = {isa = PBXBuildFile; fileRef = FEA53CF32C2D791F006F0116 /* NewPortfolioView.swift */; };
		FEA53CF72C2D7960006F0116 /* NewPortfolioViewModel.swift in Sources */ = {isa = PBXBuildFile; fileRef = FEA53CF62C2D795F006F0116 /* NewPortfolioViewModel.swift */; };
		FEA53CF92C2D896F006F0116 /* CreatePortfolioUseCase.swift in Sources */ = {isa = PBXBuildFile; fileRef = FEA53CF82C2D896F006F0116 /* CreatePortfolioUseCase.swift */; };
		FEA64F6D2D7711D900B11530 /* RegisterFlowController.swift in Sources */ = {isa = PBXBuildFile; fileRef = FEA64F6C2D7711D900B11530 /* RegisterFlowController.swift */; };
		FEA64F6F2D7712C700B11530 /* RegisterView.swift in Sources */ = {isa = PBXBuildFile; fileRef = FEA64F6E2D7712C200B11530 /* RegisterView.swift */; };
		FEA64F712D77135E00B11530 /* RegisterViewModel.swift in Sources */ = {isa = PBXBuildFile; fileRef = FEA64F702D77135B00B11530 /* RegisterViewModel.swift */; };
		FEA64F792D7757B100B11530 /* Colors.xcassets in Resources */ = {isa = PBXBuildFile; fileRef = FEA64F782D7757B100B11530 /* Colors.xcassets */; };
		FEC8A8C02D75C5D5000181B8 /* Localization.swift in Sources */ = {isa = PBXBuildFile; fileRef = FEC8A8BF2D75C5CE000181B8 /* Localization.swift */; };
		FEC94D952C24398200FFEB11 /* AppDelegate.swift in Sources */ = {isa = PBXBuildFile; fileRef = FEC94D942C24398200FFEB11 /* AppDelegate.swift */; };
		FEC94D9F2C24398200FFEB11 /* fotofolio2pto.xcdatamodeld in Sources */ = {isa = PBXBuildFile; fileRef = FEC94D9D2C24398200FFEB11 /* fotofolio2pto.xcdatamodeld */; };
		FEC94DA12C24398400FFEB11 /* Assets.xcassets in Resources */ = {isa = PBXBuildFile; fileRef = FEC94DA02C24398400FFEB11 /* Assets.xcassets */; };
		FEC94DA42C24398400FFEB11 /* Base in Resources */ = {isa = PBXBuildFile; fileRef = FEC94DA32C24398400FFEB11 /* Base */; };
		FEC94DAF2C243EC100FFEB11 /* BaseHostingController.swift in Sources */ = {isa = PBXBuildFile; fileRef = FEC94DAE2C243EC100FFEB11 /* BaseHostingController.swift */; };
		FEC94DB12C243F6F00FFEB11 /* BasicView.swift in Sources */ = {isa = PBXBuildFile; fileRef = FEC94DB02C243F6F00FFEB11 /* BasicView.swift */; };
		FEC94DB32C24475100FFEB11 /* AppFlowController.swift in Sources */ = {isa = PBXBuildFile; fileRef = FEC94DB22C24475100FFEB11 /* AppFlowController.swift */; };
		FEC94DB62C2447F000FFEB11 /* BaseFlowController.swift in Sources */ = {isa = PBXBuildFile; fileRef = FEC94DB52C2447F000FFEB11 /* BaseFlowController.swift */; };
		FEC94DB82C244E9E00FFEB11 /* MainFlowController.swift in Sources */ = {isa = PBXBuildFile; fileRef = FEC94DB72C244E9E00FFEB11 /* MainFlowController.swift */; };
		FEC94DBF2C246C5C00FFEB11 /* FeedFlowController.swift in Sources */ = {isa = PBXBuildFile; fileRef = FEC94DBE2C246C5C00FFEB11 /* FeedFlowController.swift */; };
		FEC94DC12C246D8600FFEB11 /* FeedView.swift in Sources */ = {isa = PBXBuildFile; fileRef = FEC94DC02C246D8600FFEB11 /* FeedView.swift */; };
		FEC94DC32C246DC000FFEB11 /* FeedViewModel.swift in Sources */ = {isa = PBXBuildFile; fileRef = FEC94DC22C246DC000FFEB11 /* FeedViewModel.swift */; };
		FEC94DC52C246DF400FFEB11 /* BaseViewModel.swift in Sources */ = {isa = PBXBuildFile; fileRef = FEC94DC42C246DF400FFEB11 /* BaseViewModel.swift */; };
		FEC94DC72C24712400FFEB11 /* ViewModel.swift in Sources */ = {isa = PBXBuildFile; fileRef = FEC94DC62C24712400FFEB11 /* ViewModel.swift */; };
		FEC94DC92C2479B300FFEB11 /* SelectionFlowController.swift in Sources */ = {isa = PBXBuildFile; fileRef = FEC94DC82C2479B300FFEB11 /* SelectionFlowController.swift */; };
		FEC94DCB2C2479BE00FFEB11 /* SelectionView.swift in Sources */ = {isa = PBXBuildFile; fileRef = FEC94DCA2C2479BE00FFEB11 /* SelectionView.swift */; };
		FEC94DCD2C2479CD00FFEB11 /* SelectionViewModel.swift in Sources */ = {isa = PBXBuildFile; fileRef = FEC94DCC2C2479CD00FFEB11 /* SelectionViewModel.swift */; };
		FEC94DCF2C247C4C00FFEB11 /* SearchViewModel.swift in Sources */ = {isa = PBXBuildFile; fileRef = FEC94DCE2C247C4C00FFEB11 /* SearchViewModel.swift */; };
		FEC94DD12C247C5500FFEB11 /* SearchFlowController.swift in Sources */ = {isa = PBXBuildFile; fileRef = FEC94DD02C247C5500FFEB11 /* SearchFlowController.swift */; };
		FEC94DD32C247C6100FFEB11 /* SearchView.swift in Sources */ = {isa = PBXBuildFile; fileRef = FEC94DD22C247C6100FFEB11 /* SearchView.swift */; };
		FEC94DD52C247C9500FFEB11 /* MessagesViewModel.swift in Sources */ = {isa = PBXBuildFile; fileRef = FEC94DD42C247C9500FFEB11 /* MessagesViewModel.swift */; };
		FEC94DD72C247CB200FFEB11 /* MessagesView.swift in Sources */ = {isa = PBXBuildFile; fileRef = FEC94DD62C247CB200FFEB11 /* MessagesView.swift */; };
		FEC94DD92C247CCA00FFEB11 /* MessagesFlowController.swift in Sources */ = {isa = PBXBuildFile; fileRef = FEC94DD82C247CCA00FFEB11 /* MessagesFlowController.swift */; };
		FEC94DDB2C247D4B00FFEB11 /* ProfileView.swift in Sources */ = {isa = PBXBuildFile; fileRef = FEC94DDA2C247D4B00FFEB11 /* ProfileView.swift */; };
		FEC94DDD2C247D7600FFEB11 /* ProfileViewModel.swift in Sources */ = {isa = PBXBuildFile; fileRef = FEC94DDC2C247D7600FFEB11 /* ProfileViewModel.swift */; };
		FEC94DDF2C247D9800FFEB11 /* ProfileFlowController.swift in Sources */ = {isa = PBXBuildFile; fileRef = FEC94DDE2C247D9800FFEB11 /* ProfileFlowController.swift */; };
		FEC94DE32C25917200FFEB11 /* Portfolio.swift in Sources */ = {isa = PBXBuildFile; fileRef = FEC94DE22C25917200FFEB11 /* Portfolio.swift */; };
		FEC94DE52C2594E200FFEB11 /* PortfolioView.swift in Sources */ = {isa = PBXBuildFile; fileRef = FEC94DE42C2594E200FFEB11 /* PortfolioView.swift */; };
		FEC94DEA2C25BF4B00FFEB11 /* View+Extensions.swift in Sources */ = {isa = PBXBuildFile; fileRef = FEC94DE92C25BF4B00FFEB11 /* View+Extensions.swift */; };
		FEC94DEC2C25DC1600FFEB11 /* Constants.swift in Sources */ = {isa = PBXBuildFile; fileRef = FEC94DEB2C25DC1600FFEB11 /* Constants.swift */; };
		FEC94DEE2C25ECDC00FFEB11 /* BottomSheetView.swift in Sources */ = {isa = PBXBuildFile; fileRef = FEC94DED2C25ECDC00FFEB11 /* BottomSheetView.swift */; };
		FEC94DF02C25ED5C00FFEB11 /* RoundedCorner.swift in Sources */ = {isa = PBXBuildFile; fileRef = FEC94DEF2C25ED5C00FFEB11 /* RoundedCorner.swift */; };
		FEC94DF22C25EF7900FFEB11 /* FilterView.swift in Sources */ = {isa = PBXBuildFile; fileRef = FEC94DF12C25EF7900FFEB11 /* FilterView.swift */; };
		FEC94DF42C25F57700FFEB11 /* FilterViewModel.swift in Sources */ = {isa = PBXBuildFile; fileRef = FEC94DF32C25F57700FFEB11 /* FilterViewModel.swift */; };
		FEC94DF72C26283400FFEB11 /* PortfolioDetailView.swift in Sources */ = {isa = PBXBuildFile; fileRef = FEC94DF62C26283400FFEB11 /* PortfolioDetailView.swift */; };
		FEC94DF92C26291E00FFEB11 /* PhotoCarouselView.swift in Sources */ = {isa = PBXBuildFile; fileRef = FEC94DF82C26291E00FFEB11 /* PhotoCarouselView.swift */; };
		FEC94DFB2C262AC400FFEB11 /* AuthorDetailView.swift in Sources */ = {isa = PBXBuildFile; fileRef = FEC94DFA2C262AC400FFEB11 /* AuthorDetailView.swift */; };
		FEC94DFD2C262E4000FFEB11 /* User.swift in Sources */ = {isa = PBXBuildFile; fileRef = FEC94DFC2C262E4000FFEB11 /* User.swift */; };
		FEC94DFF2C262E8F00FFEB11 /* Creator.swift in Sources */ = {isa = PBXBuildFile; fileRef = FEC94DFE2C262E8F00FFEB11 /* Creator.swift */; };
		FEC94E012C26DD2F00FFEB11 /* SearchResultsView.swift in Sources */ = {isa = PBXBuildFile; fileRef = FEC94E002C26DD2F00FFEB11 /* SearchResultsView.swift */; };
		FEC94E032C26DD7900FFEB11 /* ProfilePictureView.swift in Sources */ = {isa = PBXBuildFile; fileRef = FEC94E022C26DD7900FFEB11 /* ProfilePictureView.swift */; };
		FEC94E052C2701DF00FFEB11 /* Chat.swift in Sources */ = {isa = PBXBuildFile; fileRef = FEC94E042C2701DF00FFEB11 /* Chat.swift */; };
		FEC94E072C2701F500FFEB11 /* Message.swift in Sources */ = {isa = PBXBuildFile; fileRef = FEC94E062C2701F500FFEB11 /* Message.swift */; };
		FEC94E092C283D4C00FFEB11 /* NotCreatorView.swift in Sources */ = {isa = PBXBuildFile; fileRef = FEC94E082C283D4C00FFEB11 /* NotCreatorView.swift */; };
		FEC94E0B2C2840AA00FFEB11 /* ProfileUserInfoView.swift in Sources */ = {isa = PBXBuildFile; fileRef = FEC94E0A2C2840AA00FFEB11 /* ProfileUserInfoView.swift */; };
		FEC94E0D2C2842F500FFEB11 /* ProfilePortfoliosView.swift in Sources */ = {isa = PBXBuildFile; fileRef = FEC94E0C2C2842F500FFEB11 /* ProfilePortfoliosView.swift */; };
		FEC94E132C28504900FFEB11 /* LoginCredentialsView.swift in Sources */ = {isa = PBXBuildFile; fileRef = FEC94E122C28504900FFEB11 /* LoginCredentialsView.swift */; };
		FEC94E152C28521D00FFEB11 /* SignInView.swift in Sources */ = {isa = PBXBuildFile; fileRef = FEC94E142C28521D00FFEB11 /* SignInView.swift */; };
		FEC94E172C2857D100FFEB11 /* OnboardingFlowController.swift in Sources */ = {isa = PBXBuildFile; fileRef = FEC94E162C2857D100FFEB11 /* OnboardingFlowController.swift */; };
		FEC94E192C28661100FFEB11 /* SignInViewModel.swift in Sources */ = {isa = PBXBuildFile; fileRef = FEC94E182C28661100FFEB11 /* SignInViewModel.swift */; };
/* End PBXBuildFile section */

/* Begin PBXFileReference section */
		FE34A64E2D78BCF200CB4CAE /* CheckEmailAddressAvailableUseCase.swift */ = {isa = PBXFileReference; lastKnownFileType = sourcecode.swift; path = CheckEmailAddressAvailableUseCase.swift; sourceTree = "<group>"; };
		FE5F8A772C296D81001EE8AF /* AuthRepository.swift */ = {isa = PBXFileReference; lastKnownFileType = sourcecode.swift; path = AuthRepository.swift; sourceTree = "<group>"; };
		FE5F8A7B2C296ECA001EE8AF /* LoginWithCredentialsUseCase.swift */ = {isa = PBXFileReference; lastKnownFileType = sourcecode.swift; path = LoginWithCredentialsUseCase.swift; sourceTree = "<group>"; };
		FE5F8A7F2C2971C7001EE8AF /* AuthRepositoryImpl.swift */ = {isa = PBXFileReference; lastKnownFileType = sourcecode.swift; path = AuthRepositoryImpl.swift; sourceTree = "<group>"; };
		FE5F8A832C297338001EE8AF /* UserDefaultsProvider.swift */ = {isa = PBXFileReference; lastKnownFileType = sourcecode.swift; path = UserDefaultsProvider.swift; sourceTree = "<group>"; };
		FE5F8A852C29737F001EE8AF /* SystemUserDefaultsProvider.swift */ = {isa = PBXFileReference; lastKnownFileType = sourcecode.swift; path = SystemUserDefaultsProvider.swift; sourceTree = "<group>"; };
		FE5F8A882C2975FC001EE8AF /* LogoutUseCase.swift */ = {isa = PBXFileReference; lastKnownFileType = sourcecode.swift; path = LogoutUseCase.swift; sourceTree = "<group>"; };
		FEA53C952C29BF2F006F0116 /* Providers+Injection.swift */ = {isa = PBXFileReference; lastKnownFileType = sourcecode.swift; path = "Providers+Injection.swift"; sourceTree = "<group>"; };
		FEA53C972C29BF97006F0116 /* Repositories+Injection.swift */ = {isa = PBXFileReference; lastKnownFileType = sourcecode.swift; path = "Repositories+Injection.swift"; sourceTree = "<group>"; };
		FEA53C992C29BFDF006F0116 /* UseCase+Injection.swift */ = {isa = PBXFileReference; lastKnownFileType = sourcecode.swift; path = "UseCase+Injection.swift"; sourceTree = "<group>"; };
		FEA53CA02C29C70B006F0116 /* GetAllPortfoliosUseCase.swift */ = {isa = PBXFileReference; lastKnownFileType = sourcecode.swift; path = GetAllPortfoliosUseCase.swift; sourceTree = "<group>"; };
		FEA53CA22C29C76E006F0116 /* FeedRepository.swift */ = {isa = PBXFileReference; lastKnownFileType = sourcecode.swift; path = FeedRepository.swift; sourceTree = "<group>"; };
		FEA53CA42C29C792006F0116 /* FeedRepositoryImpl.swift */ = {isa = PBXFileReference; lastKnownFileType = sourcecode.swift; path = FeedRepositoryImpl.swift; sourceTree = "<group>"; };
		FEA53CA62C29D667006F0116 /* FlagPortfolioUseCase.swift */ = {isa = PBXFileReference; lastKnownFileType = sourcecode.swift; path = FlagPortfolioUseCase.swift; sourceTree = "<group>"; };
		FEA53CA82C29D7E8006F0116 /* UnflagPortfolioUseCase.swift */ = {isa = PBXFileReference; lastKnownFileType = sourcecode.swift; path = UnflagPortfolioUseCase.swift; sourceTree = "<group>"; };
		FEA53CAA2C29DE1E006F0116 /* GetFlaggedPortfoliosUseCase.swift */ = {isa = PBXFileReference; lastKnownFileType = sourcecode.swift; path = GetFlaggedPortfoliosUseCase.swift; sourceTree = "<group>"; };
		FEA53CAD2C29E08D006F0116 /* Sequence+Extensions.swift */ = {isa = PBXFileReference; lastKnownFileType = sourcecode.swift; path = "Sequence+Extensions.swift"; sourceTree = "<group>"; };
		FEA53CB02C29E57A006F0116 /* ObjectError.swift */ = {isa = PBXFileReference; lastKnownFileType = sourcecode.swift; path = ObjectError.swift; sourceTree = "<group>"; };
		FEA53CB32C2AE81C006F0116 /* AlertData.swift */ = {isa = PBXFileReference; lastKnownFileType = sourcecode.swift; path = AlertData.swift; sourceTree = "<group>"; };
		FEA53CB52C2AE84F006F0116 /* AlertData+SwiftUI.swift */ = {isa = PBXFileReference; lastKnownFileType = sourcecode.swift; path = "AlertData+SwiftUI.swift"; sourceTree = "<group>"; };
		FEA53CB72C2AE9B1006F0116 /* UnflagAllPortfoliosUseCase.swift */ = {isa = PBXFileReference; lastKnownFileType = sourcecode.swift; path = UnflagAllPortfoliosUseCase.swift; sourceTree = "<group>"; };
		FEA53CBB2C2B0B3D006F0116 /* GetFilteredPortfoliosUseCase.swift */ = {isa = PBXFileReference; lastKnownFileType = sourcecode.swift; path = GetFilteredPortfoliosUseCase.swift; sourceTree = "<group>"; };
		FEA53CBD2C2B2D3C006F0116 /* GetLoggedInUserUseCase.swift */ = {isa = PBXFileReference; lastKnownFileType = sourcecode.swift; path = GetLoggedInUserUseCase.swift; sourceTree = "<group>"; };
		FEA53CC12C2C12C8006F0116 /* GetChatsForUserUseCase.swift */ = {isa = PBXFileReference; lastKnownFileType = sourcecode.swift; path = GetChatsForUserUseCase.swift; sourceTree = "<group>"; };
		FEA53CC32C2C12EE006F0116 /* MessageRepository.swift */ = {isa = PBXFileReference; lastKnownFileType = sourcecode.swift; path = MessageRepository.swift; sourceTree = "<group>"; };
		FEA53CC52C2C136E006F0116 /* MessageRepositoryImpl.swift */ = {isa = PBXFileReference; lastKnownFileType = sourcecode.swift; path = MessageRepositoryImpl.swift; sourceTree = "<group>"; };
		FEA53CC72C2C16E2006F0116 /* GetUserDataFromUsernameUseCase.swift */ = {isa = PBXFileReference; lastKnownFileType = sourcecode.swift; path = GetUserDataFromUsernameUseCase.swift; sourceTree = "<group>"; };
		FEA53CC92C2C174B006F0116 /* UserRepositoryImpl.swift */ = {isa = PBXFileReference; lastKnownFileType = sourcecode.swift; path = UserRepositoryImpl.swift; sourceTree = "<group>"; };
		FEA53CCB2C2C1752006F0116 /* UserRepository.swift */ = {isa = PBXFileReference; lastKnownFileType = sourcecode.swift; path = UserRepository.swift; sourceTree = "<group>"; };
		FEA53CCE2C2C2304006F0116 /* NewChatSearchView.swift */ = {isa = PBXFileReference; lastKnownFileType = sourcecode.swift; path = NewChatSearchView.swift; sourceTree = "<group>"; };
		FEA53CD02C2C2387006F0116 /* NewChatSearchViewModel.swift */ = {isa = PBXFileReference; lastKnownFileType = sourcecode.swift; path = NewChatSearchViewModel.swift; sourceTree = "<group>"; };
		FEA53CD32C2C2722006F0116 /* ChatView.swift */ = {isa = PBXFileReference; lastKnownFileType = sourcecode.swift; path = ChatView.swift; sourceTree = "<group>"; };
		FEA53CD52C2C2CEC006F0116 /* CreateNewChatUseCase.swift */ = {isa = PBXFileReference; lastKnownFileType = sourcecode.swift; path = CreateNewChatUseCase.swift; sourceTree = "<group>"; };
		FEA53CD72C2C30BD006F0116 /* ChatViewModel.swift */ = {isa = PBXFileReference; lastKnownFileType = sourcecode.swift; path = ChatViewModel.swift; sourceTree = "<group>"; };
		FEA53CD92C2C3526006F0116 /* SendMessageUseCase.swift */ = {isa = PBXFileReference; lastKnownFileType = sourcecode.swift; path = SendMessageUseCase.swift; sourceTree = "<group>"; };
		FEA53CDB2C2C39F0006F0116 /* GetLatestChatMessagesUseCase.swift */ = {isa = PBXFileReference; lastKnownFileType = sourcecode.swift; path = GetLatestChatMessagesUseCase.swift; sourceTree = "<group>"; };
		FEA53CDD2C2C49DF006F0116 /* GetChatUseCase.swift */ = {isa = PBXFileReference; lastKnownFileType = sourcecode.swift; path = GetChatUseCase.swift; sourceTree = "<group>"; };
		FEA53CDF2C2C6A20006F0116 /* GetUserPortfoliosUseCase.swift */ = {isa = PBXFileReference; lastKnownFileType = sourcecode.swift; path = GetUserPortfoliosUseCase.swift; sourceTree = "<group>"; };
		FEA53CE12C2C88EE006F0116 /* GetUsersFromQueryUseCase.swift */ = {isa = PBXFileReference; lastKnownFileType = sourcecode.swift; path = GetUsersFromQueryUseCase.swift; sourceTree = "<group>"; };
		FEA53CE32C2D5A46006F0116 /* EditProfileView.swift */ = {isa = PBXFileReference; lastKnownFileType = sourcecode.swift; path = EditProfileView.swift; sourceTree = "<group>"; };
		FEA53CE62C2D5A92006F0116 /* EditPersonalDetailsView.swift */ = {isa = PBXFileReference; lastKnownFileType = sourcecode.swift; path = EditPersonalDetailsView.swift; sourceTree = "<group>"; };
		FEA53CEA2C2D5B65006F0116 /* EditProfileDetailsView.swift */ = {isa = PBXFileReference; lastKnownFileType = sourcecode.swift; path = EditProfileDetailsView.swift; sourceTree = "<group>"; };
		FEA53CEC2C2D5BAC006F0116 /* EditPortfolioView.swift */ = {isa = PBXFileReference; lastKnownFileType = sourcecode.swift; path = EditPortfolioView.swift; sourceTree = "<group>"; };
		FEA53CEE2C2D6123006F0116 /* MediaPickerView.swift */ = {isa = PBXFileReference; lastKnownFileType = sourcecode.swift; path = MediaPickerView.swift; sourceTree = "<group>"; };
		FEA53CF02C2D6280006F0116 /* EditProfileViewModel.swift */ = {isa = PBXFileReference; lastKnownFileType = sourcecode.swift; path = EditProfileViewModel.swift; sourceTree = "<group>"; };
		FEA53CF32C2D791F006F0116 /* NewPortfolioView.swift */ = {isa = PBXFileReference; lastKnownFileType = sourcecode.swift; path = NewPortfolioView.swift; sourceTree = "<group>"; };
		FEA53CF62C2D795F006F0116 /* NewPortfolioViewModel.swift */ = {isa = PBXFileReference; lastKnownFileType = sourcecode.swift; path = NewPortfolioViewModel.swift; sourceTree = "<group>"; };
		FEA53CF82C2D896F006F0116 /* CreatePortfolioUseCase.swift */ = {isa = PBXFileReference; lastKnownFileType = sourcecode.swift; path = CreatePortfolioUseCase.swift; sourceTree = "<group>"; };
		FEA64F6C2D7711D900B11530 /* RegisterFlowController.swift */ = {isa = PBXFileReference; lastKnownFileType = sourcecode.swift; path = RegisterFlowController.swift; sourceTree = "<group>"; };
		FEA64F6E2D7712C200B11530 /* RegisterView.swift */ = {isa = PBXFileReference; lastKnownFileType = sourcecode.swift; path = RegisterView.swift; sourceTree = "<group>"; };
		FEA64F702D77135B00B11530 /* RegisterViewModel.swift */ = {isa = PBXFileReference; lastKnownFileType = sourcecode.swift; path = RegisterViewModel.swift; sourceTree = "<group>"; };
		FEA64F782D7757B100B11530 /* Colors.xcassets */ = {isa = PBXFileReference; lastKnownFileType = folder.assetcatalog; path = Colors.xcassets; sourceTree = "<group>"; };
		FEC8A8BF2D75C5CE000181B8 /* Localization.swift */ = {isa = PBXFileReference; lastKnownFileType = sourcecode.swift; path = Localization.swift; sourceTree = "<group>"; };
		FEC94D912C24398200FFEB11 /* fotofolio2pto.app */ = {isa = PBXFileReference; explicitFileType = wrapper.application; includeInIndex = 0; path = fotofolio2pto.app; sourceTree = BUILT_PRODUCTS_DIR; };
		FEC94D942C24398200FFEB11 /* AppDelegate.swift */ = {isa = PBXFileReference; lastKnownFileType = sourcecode.swift; path = AppDelegate.swift; sourceTree = "<group>"; };
		FEC94D9E2C24398200FFEB11 /* fotofolio2pto.xcdatamodel */ = {isa = PBXFileReference; lastKnownFileType = wrapper.xcdatamodel; path = fotofolio2pto.xcdatamodel; sourceTree = "<group>"; };
		FEC94DA02C24398400FFEB11 /* Assets.xcassets */ = {isa = PBXFileReference; lastKnownFileType = folder.assetcatalog; path = Assets.xcassets; sourceTree = "<group>"; };
		FEC94DA32C24398400FFEB11 /* Base */ = {isa = PBXFileReference; lastKnownFileType = file.storyboard; name = Base; path = Base.lproj/LaunchScreen.storyboard; sourceTree = "<group>"; };
		FEC94DA52C24398400FFEB11 /* Info.plist */ = {isa = PBXFileReference; lastKnownFileType = text.plist.xml; path = Info.plist; sourceTree = "<group>"; };
		FEC94DAE2C243EC100FFEB11 /* BaseHostingController.swift */ = {isa = PBXFileReference; lastKnownFileType = sourcecode.swift; path = BaseHostingController.swift; sourceTree = "<group>"; };
		FEC94DB02C243F6F00FFEB11 /* BasicView.swift */ = {isa = PBXFileReference; lastKnownFileType = sourcecode.swift; path = BasicView.swift; sourceTree = "<group>"; };
		FEC94DB22C24475100FFEB11 /* AppFlowController.swift */ = {isa = PBXFileReference; lastKnownFileType = sourcecode.swift; path = AppFlowController.swift; sourceTree = "<group>"; };
		FEC94DB52C2447F000FFEB11 /* BaseFlowController.swift */ = {isa = PBXFileReference; lastKnownFileType = sourcecode.swift; path = BaseFlowController.swift; sourceTree = "<group>"; };
		FEC94DB72C244E9E00FFEB11 /* MainFlowController.swift */ = {isa = PBXFileReference; lastKnownFileType = sourcecode.swift; path = MainFlowController.swift; sourceTree = "<group>"; };
		FEC94DBE2C246C5C00FFEB11 /* FeedFlowController.swift */ = {isa = PBXFileReference; lastKnownFileType = sourcecode.swift; path = FeedFlowController.swift; sourceTree = "<group>"; };
		FEC94DC02C246D8600FFEB11 /* FeedView.swift */ = {isa = PBXFileReference; lastKnownFileType = sourcecode.swift; path = FeedView.swift; sourceTree = "<group>"; };
		FEC94DC22C246DC000FFEB11 /* FeedViewModel.swift */ = {isa = PBXFileReference; lastKnownFileType = sourcecode.swift; path = FeedViewModel.swift; sourceTree = "<group>"; };
		FEC94DC42C246DF400FFEB11 /* BaseViewModel.swift */ = {isa = PBXFileReference; lastKnownFileType = sourcecode.swift; path = BaseViewModel.swift; sourceTree = "<group>"; };
		FEC94DC62C24712400FFEB11 /* ViewModel.swift */ = {isa = PBXFileReference; lastKnownFileType = sourcecode.swift; path = ViewModel.swift; sourceTree = "<group>"; };
		FEC94DC82C2479B300FFEB11 /* SelectionFlowController.swift */ = {isa = PBXFileReference; lastKnownFileType = sourcecode.swift; path = SelectionFlowController.swift; sourceTree = "<group>"; };
		FEC94DCA2C2479BE00FFEB11 /* SelectionView.swift */ = {isa = PBXFileReference; lastKnownFileType = sourcecode.swift; path = SelectionView.swift; sourceTree = "<group>"; };
		FEC94DCC2C2479CD00FFEB11 /* SelectionViewModel.swift */ = {isa = PBXFileReference; lastKnownFileType = sourcecode.swift; path = SelectionViewModel.swift; sourceTree = "<group>"; };
		FEC94DCE2C247C4C00FFEB11 /* SearchViewModel.swift */ = {isa = PBXFileReference; lastKnownFileType = sourcecode.swift; path = SearchViewModel.swift; sourceTree = "<group>"; };
		FEC94DD02C247C5500FFEB11 /* SearchFlowController.swift */ = {isa = PBXFileReference; lastKnownFileType = sourcecode.swift; path = SearchFlowController.swift; sourceTree = "<group>"; };
		FEC94DD22C247C6100FFEB11 /* SearchView.swift */ = {isa = PBXFileReference; lastKnownFileType = sourcecode.swift; path = SearchView.swift; sourceTree = "<group>"; };
		FEC94DD42C247C9500FFEB11 /* MessagesViewModel.swift */ = {isa = PBXFileReference; lastKnownFileType = sourcecode.swift; path = MessagesViewModel.swift; sourceTree = "<group>"; };
		FEC94DD62C247CB200FFEB11 /* MessagesView.swift */ = {isa = PBXFileReference; lastKnownFileType = sourcecode.swift; path = MessagesView.swift; sourceTree = "<group>"; };
		FEC94DD82C247CCA00FFEB11 /* MessagesFlowController.swift */ = {isa = PBXFileReference; lastKnownFileType = sourcecode.swift; path = MessagesFlowController.swift; sourceTree = "<group>"; };
		FEC94DDA2C247D4B00FFEB11 /* ProfileView.swift */ = {isa = PBXFileReference; lastKnownFileType = sourcecode.swift; path = ProfileView.swift; sourceTree = "<group>"; };
		FEC94DDC2C247D7600FFEB11 /* ProfileViewModel.swift */ = {isa = PBXFileReference; lastKnownFileType = sourcecode.swift; path = ProfileViewModel.swift; sourceTree = "<group>"; };
		FEC94DDE2C247D9800FFEB11 /* ProfileFlowController.swift */ = {isa = PBXFileReference; lastKnownFileType = sourcecode.swift; path = ProfileFlowController.swift; sourceTree = "<group>"; };
		FEC94DE22C25917200FFEB11 /* Portfolio.swift */ = {isa = PBXFileReference; lastKnownFileType = sourcecode.swift; name = Portfolio.swift; path = fotofolio2pto/PresentationLayer/Profile/Portfolio.swift; sourceTree = SOURCE_ROOT; };
		FEC94DE42C2594E200FFEB11 /* PortfolioView.swift */ = {isa = PBXFileReference; lastKnownFileType = sourcecode.swift; path = PortfolioView.swift; sourceTree = "<group>"; };
		FEC94DE92C25BF4B00FFEB11 /* View+Extensions.swift */ = {isa = PBXFileReference; lastKnownFileType = sourcecode.swift; path = "View+Extensions.swift"; sourceTree = "<group>"; };
		FEC94DEB2C25DC1600FFEB11 /* Constants.swift */ = {isa = PBXFileReference; lastKnownFileType = sourcecode.swift; path = Constants.swift; sourceTree = "<group>"; };
		FEC94DED2C25ECDC00FFEB11 /* BottomSheetView.swift */ = {isa = PBXFileReference; lastKnownFileType = sourcecode.swift; path = BottomSheetView.swift; sourceTree = "<group>"; };
		FEC94DEF2C25ED5C00FFEB11 /* RoundedCorner.swift */ = {isa = PBXFileReference; lastKnownFileType = sourcecode.swift; path = RoundedCorner.swift; sourceTree = "<group>"; };
		FEC94DF12C25EF7900FFEB11 /* FilterView.swift */ = {isa = PBXFileReference; lastKnownFileType = sourcecode.swift; path = FilterView.swift; sourceTree = "<group>"; };
		FEC94DF32C25F57700FFEB11 /* FilterViewModel.swift */ = {isa = PBXFileReference; lastKnownFileType = sourcecode.swift; path = FilterViewModel.swift; sourceTree = "<group>"; };
		FEC94DF62C26283400FFEB11 /* PortfolioDetailView.swift */ = {isa = PBXFileReference; lastKnownFileType = sourcecode.swift; path = PortfolioDetailView.swift; sourceTree = "<group>"; };
		FEC94DF82C26291E00FFEB11 /* PhotoCarouselView.swift */ = {isa = PBXFileReference; lastKnownFileType = sourcecode.swift; path = PhotoCarouselView.swift; sourceTree = "<group>"; };
		FEC94DFA2C262AC400FFEB11 /* AuthorDetailView.swift */ = {isa = PBXFileReference; lastKnownFileType = sourcecode.swift; path = AuthorDetailView.swift; sourceTree = "<group>"; };
		FEC94DFC2C262E4000FFEB11 /* User.swift */ = {isa = PBXFileReference; lastKnownFileType = sourcecode.swift; path = User.swift; sourceTree = "<group>"; };
		FEC94DFE2C262E8F00FFEB11 /* Creator.swift */ = {isa = PBXFileReference; lastKnownFileType = sourcecode.swift; path = Creator.swift; sourceTree = "<group>"; };
		FEC94E002C26DD2F00FFEB11 /* SearchResultsView.swift */ = {isa = PBXFileReference; lastKnownFileType = sourcecode.swift; path = SearchResultsView.swift; sourceTree = "<group>"; };
		FEC94E022C26DD7900FFEB11 /* ProfilePictureView.swift */ = {isa = PBXFileReference; lastKnownFileType = sourcecode.swift; path = ProfilePictureView.swift; sourceTree = "<group>"; };
		FEC94E042C2701DF00FFEB11 /* Chat.swift */ = {isa = PBXFileReference; lastKnownFileType = sourcecode.swift; path = Chat.swift; sourceTree = "<group>"; };
		FEC94E062C2701F500FFEB11 /* Message.swift */ = {isa = PBXFileReference; lastKnownFileType = sourcecode.swift; path = Message.swift; sourceTree = "<group>"; };
		FEC94E082C283D4C00FFEB11 /* NotCreatorView.swift */ = {isa = PBXFileReference; lastKnownFileType = sourcecode.swift; path = NotCreatorView.swift; sourceTree = "<group>"; };
		FEC94E0A2C2840AA00FFEB11 /* ProfileUserInfoView.swift */ = {isa = PBXFileReference; lastKnownFileType = sourcecode.swift; path = ProfileUserInfoView.swift; sourceTree = "<group>"; };
		FEC94E0C2C2842F500FFEB11 /* ProfilePortfoliosView.swift */ = {isa = PBXFileReference; lastKnownFileType = sourcecode.swift; path = ProfilePortfoliosView.swift; sourceTree = "<group>"; };
		FEC94E122C28504900FFEB11 /* LoginCredentialsView.swift */ = {isa = PBXFileReference; lastKnownFileType = sourcecode.swift; path = LoginCredentialsView.swift; sourceTree = "<group>"; };
		FEC94E142C28521D00FFEB11 /* SignInView.swift */ = {isa = PBXFileReference; lastKnownFileType = sourcecode.swift; path = SignInView.swift; sourceTree = "<group>"; };
		FEC94E162C2857D100FFEB11 /* OnboardingFlowController.swift */ = {isa = PBXFileReference; lastKnownFileType = sourcecode.swift; path = OnboardingFlowController.swift; sourceTree = "<group>"; };
		FEC94E182C28661100FFEB11 /* SignInViewModel.swift */ = {isa = PBXFileReference; lastKnownFileType = sourcecode.swift; path = SignInViewModel.swift; sourceTree = "<group>"; };
/* End PBXFileReference section */

/* Begin PBXFileSystemSynchronizedRootGroup section */
		FE73EED82D71C9C10045A252 /* Modifiers */ = {isa = PBXFileSystemSynchronizedRootGroup; explicitFileTypes = {}; explicitFolders = (); path = Modifiers; sourceTree = "<group>"; };
/* End PBXFileSystemSynchronizedRootGroup section */

/* Begin PBXFrameworksBuildPhase section */
		FEC94D8E2C24398200FFEB11 /* Frameworks */ = {
			isa = PBXFrameworksBuildPhase;
			buildActionMask = 2147483647;
			files = (
				FEA53C9D2C29C1BA006F0116 /* Resolver in Frameworks */,
			);
			runOnlyForDeploymentPostprocessing = 0;
		};
/* End PBXFrameworksBuildPhase section */

/* Begin PBXGroup section */
		FE5F8A762C296D6C001EE8AF /* Repositories */ = {
			isa = PBXGroup;
			children = (
				FE5F8A772C296D81001EE8AF /* AuthRepository.swift */,
				FEA53CA22C29C76E006F0116 /* FeedRepository.swift */,
				FEA53CC32C2C12EE006F0116 /* MessageRepository.swift */,
				FEA53CCB2C2C1752006F0116 /* UserRepository.swift */,
			);
			path = Repositories;
			sourceTree = "<group>";
		};
		FE5F8A792C296EAC001EE8AF /* UseCases */ = {
			isa = PBXGroup;
			children = (
				FEA53CC02C2B6033006F0116 /* Messages */,
				FEA53C9F2C29C6FE006F0116 /* Feed */,
				FE5F8A872C2975E9001EE8AF /* User */,
				FE5F8A7A2C296EB7001EE8AF /* Auth */,
			);
			path = UseCases;
			sourceTree = "<group>";
		};
		FE5F8A7A2C296EB7001EE8AF /* Auth */ = {
			isa = PBXGroup;
			children = (
				FE5F8A7B2C296ECA001EE8AF /* LoginWithCredentialsUseCase.swift */,
				FEA53CBD2C2B2D3C006F0116 /* GetLoggedInUserUseCase.swift */,
			);
			path = Auth;
			sourceTree = "<group>";
		};
		FE5F8A7D2C297186001EE8AF /* DataLayer */ = {
			isa = PBXGroup;
			children = (
				FE5F8A812C29731A001EE8AF /* Providers */,
				FE5F8A7E2C2971B7001EE8AF /* Repositories */,
			);
			path = DataLayer;
			sourceTree = "<group>";
		};
		FE5F8A7E2C2971B7001EE8AF /* Repositories */ = {
			isa = PBXGroup;
			children = (
				FE5F8A7F2C2971C7001EE8AF /* AuthRepositoryImpl.swift */,
				FEA53CA42C29C792006F0116 /* FeedRepositoryImpl.swift */,
				FEA53CC52C2C136E006F0116 /* MessageRepositoryImpl.swift */,
				FEA53CC92C2C174B006F0116 /* UserRepositoryImpl.swift */,
			);
			path = Repositories;
			sourceTree = "<group>";
		};
		FE5F8A812C29731A001EE8AF /* Providers */ = {
			isa = PBXGroup;
			children = (
				FE5F8A822C297325001EE8AF /* UserDefaults */,
			);
			path = Providers;
			sourceTree = "<group>";
		};
		FE5F8A822C297325001EE8AF /* UserDefaults */ = {
			isa = PBXGroup;
			children = (
				FE5F8A832C297338001EE8AF /* UserDefaultsProvider.swift */,
				FE5F8A852C29737F001EE8AF /* SystemUserDefaultsProvider.swift */,
			);
			path = UserDefaults;
			sourceTree = "<group>";
		};
		FE5F8A872C2975E9001EE8AF /* User */ = {
			isa = PBXGroup;
			children = (
				FE34A64E2D78BCF200CB4CAE /* CheckEmailAddressAvailableUseCase.swift */,
				FE5F8A882C2975FC001EE8AF /* LogoutUseCase.swift */,
				FEA53CC72C2C16E2006F0116 /* GetUserDataFromUsernameUseCase.swift */,
				FEA53CE12C2C88EE006F0116 /* GetUsersFromQueryUseCase.swift */,
			);
			path = User;
			sourceTree = "<group>";
		};
		FEA53C932C29BF13006F0116 /* Application */ = {
			isa = PBXGroup;
			children = (
				FEA53C942C29BF19006F0116 /* DependencyInjection */,
			);
			path = Application;
			sourceTree = "<group>";
		};
		FEA53C942C29BF19006F0116 /* DependencyInjection */ = {
			isa = PBXGroup;
			children = (
				FEA53C952C29BF2F006F0116 /* Providers+Injection.swift */,
				FEA53C972C29BF97006F0116 /* Repositories+Injection.swift */,
				FEA53C992C29BFDF006F0116 /* UseCase+Injection.swift */,
			);
			path = DependencyInjection;
			sourceTree = "<group>";
		};
		FEA53C9E2C29C5F2006F0116 /* Filter */ = {
			isa = PBXGroup;
			children = (
				FEC94DF32C25F57700FFEB11 /* FilterViewModel.swift */,
				FEC94DF12C25EF7900FFEB11 /* FilterView.swift */,
			);
			path = Filter;
			sourceTree = "<group>";
		};
		FEA53C9F2C29C6FE006F0116 /* Feed */ = {
			isa = PBXGroup;
			children = (
				FEA53CA02C29C70B006F0116 /* GetAllPortfoliosUseCase.swift */,
				FEA53CA62C29D667006F0116 /* FlagPortfolioUseCase.swift */,
				FEA53CA82C29D7E8006F0116 /* UnflagPortfolioUseCase.swift */,
				FEA53CAA2C29DE1E006F0116 /* GetFlaggedPortfoliosUseCase.swift */,
				FEA53CB72C2AE9B1006F0116 /* UnflagAllPortfoliosUseCase.swift */,
				FEA53CBB2C2B0B3D006F0116 /* GetFilteredPortfoliosUseCase.swift */,
				FEA53CDF2C2C6A20006F0116 /* GetUserPortfoliosUseCase.swift */,
				FEA53CF82C2D896F006F0116 /* CreatePortfolioUseCase.swift */,
			);
			path = Feed;
			sourceTree = "<group>";
		};
		FEA53CAC2C29E073006F0116 /* Extensions */ = {
			isa = PBXGroup;
			children = (
				FEA53CAD2C29E08D006F0116 /* Sequence+Extensions.swift */,
			);
			path = Extensions;
			sourceTree = "<group>";
		};
		FEA53CAF2C29E4DC006F0116 /* Error */ = {
			isa = PBXGroup;
			children = (
				FEA53CB02C29E57A006F0116 /* ObjectError.swift */,
			);
			path = Error;
			sourceTree = "<group>";
		};
		FEA53CB22C2AE812006F0116 /* Alerts */ = {
			isa = PBXGroup;
			children = (
				FEA53CB32C2AE81C006F0116 /* AlertData.swift */,
				FEA53CB52C2AE84F006F0116 /* AlertData+SwiftUI.swift */,
			);
			path = Alerts;
			sourceTree = "<group>";
		};
		FEA53CC02C2B6033006F0116 /* Messages */ = {
			isa = PBXGroup;
			children = (
				FEA53CC12C2C12C8006F0116 /* GetChatsForUserUseCase.swift */,
				FEA53CD52C2C2CEC006F0116 /* CreateNewChatUseCase.swift */,
				FEA53CD92C2C3526006F0116 /* SendMessageUseCase.swift */,
				FEA53CDB2C2C39F0006F0116 /* GetLatestChatMessagesUseCase.swift */,
				FEA53CDD2C2C49DF006F0116 /* GetChatUseCase.swift */,
			);
			path = Messages;
			sourceTree = "<group>";
		};
		FEA53CCD2C2C22F0006F0116 /* NewChat */ = {
			isa = PBXGroup;
			children = (
				FEA53CCE2C2C2304006F0116 /* NewChatSearchView.swift */,
				FEA53CD02C2C2387006F0116 /* NewChatSearchViewModel.swift */,
			);
			path = NewChat;
			sourceTree = "<group>";
		};
		FEA53CD22C2C2718006F0116 /* Chat */ = {
			isa = PBXGroup;
			children = (
				FEA53CD32C2C2722006F0116 /* ChatView.swift */,
				FEA53CD72C2C30BD006F0116 /* ChatViewModel.swift */,
			);
			path = Chat;
			sourceTree = "<group>";
		};
		FEA53CE52C2D5A7C006F0116 /* Edit */ = {
			isa = PBXGroup;
			children = (
				FEA53CF22C2D628E006F0116 /* Views */,
				FEA53CE32C2D5A46006F0116 /* EditProfileView.swift */,
				FEA53CF02C2D6280006F0116 /* EditProfileViewModel.swift */,
			);
			path = Edit;
			sourceTree = "<group>";
		};
		FEA53CF22C2D628E006F0116 /* Views */ = {
			isa = PBXGroup;
			children = (
				FEA53CE62C2D5A92006F0116 /* EditPersonalDetailsView.swift */,
				FEA53CEA2C2D5B65006F0116 /* EditProfileDetailsView.swift */,
				FEA53CEC2C2D5BAC006F0116 /* EditPortfolioView.swift */,
			);
			path = Views;
			sourceTree = "<group>";
		};
		FEA53CF52C2D794F006F0116 /* NewPortfolio */ = {
			isa = PBXGroup;
			children = (
				FEA53CF32C2D791F006F0116 /* NewPortfolioView.swift */,
				FEA53CF62C2D795F006F0116 /* NewPortfolioViewModel.swift */,
			);
			path = NewPortfolio;
			sourceTree = "<group>";
		};
		FEA64F6B2D77111B00B11530 /* Register */ = {
			isa = PBXGroup;
			children = (
				FEA64F702D77135B00B11530 /* RegisterViewModel.swift */,
				FEA64F6E2D7712C200B11530 /* RegisterView.swift */,
				FEA64F6C2D7711D900B11530 /* RegisterFlowController.swift */,
			);
			path = Register;
			sourceTree = "<group>";
		};
		FEC94D882C24398200FFEB11 = {
			isa = PBXGroup;
			children = (
				FEC94D932C24398200FFEB11 /* fotofolio2pto */,
				FEC94D922C24398200FFEB11 /* Products */,
			);
			sourceTree = "<group>";
		};
		FEC94D922C24398200FFEB11 /* Products */ = {
			isa = PBXGroup;
			children = (
				FEC94D912C24398200FFEB11 /* fotofolio2pto.app */,
			);
			name = Products;
			sourceTree = "<group>";
		};
		FEC94D932C24398200FFEB11 /* fotofolio2pto */ = {
			isa = PBXGroup;
			children = (
				FEA53C932C29BF13006F0116 /* Application */,
				FE5F8A7D2C297186001EE8AF /* DataLayer */,
				FEC94DE02C25914F00FFEB11 /* DomainLayer */,
				FEC94DB22C24475100FFEB11 /* AppFlowController.swift */,
				FEC94DAB2C243E9A00FFEB11 /* PresentationLayer */,
				FEC94D942C24398200FFEB11 /* AppDelegate.swift */,
				FEA64F782D7757B100B11530 /* Colors.xcassets */,
				FEC94DA02C24398400FFEB11 /* Assets.xcassets */,
				FEC94DA22C24398400FFEB11 /* LaunchScreen.storyboard */,
				FEC94DA52C24398400FFEB11 /* Info.plist */,
				FEC94D9D2C24398200FFEB11 /* fotofolio2pto.xcdatamodeld */,
			);
			path = fotofolio2pto;
			sourceTree = "<group>";
		};
		FEC94DAB2C243E9A00FFEB11 /* PresentationLayer */ = {
			isa = PBXGroup;
			children = (
				FE73EED82D71C9C10045A252 /* Modifiers */,
				FEC94E112C28502E00FFEB11 /* Onboarding */,
				FEC94DE82C25BF3D00FFEB11 /* Extensions */,
				FEC94DBD2C246C4B00FFEB11 /* Profile */,
				FEC94DBC2C246C4700FFEB11 /* Messages */,
				FEC94DBB2C246C3E00FFEB11 /* Search */,
				FEC94DBA2C246C3800FFEB11 /* Selection */,
				FEC94DB92C246C3300FFEB11 /* Feed */,
				FEC94DB42C2447AA00FFEB11 /* Utilities */,
				FEC94DAC2C243EA400FFEB11 /* BaseViews */,
				FEC94DB02C243F6F00FFEB11 /* BasicView.swift */,
				FEC94DB72C244E9E00FFEB11 /* MainFlowController.swift */,
			);
			path = PresentationLayer;
			sourceTree = "<group>";
		};
		FEC94DAC2C243EA400FFEB11 /* BaseViews */ = {
			isa = PBXGroup;
			children = (
				FEC94DAE2C243EC100FFEB11 /* BaseHostingController.swift */,
				FEC94DED2C25ECDC00FFEB11 /* BottomSheetView.swift */,
				FEC94DEF2C25ED5C00FFEB11 /* RoundedCorner.swift */,
				FEA53CEE2C2D6123006F0116 /* MediaPickerView.swift */,
			);
			path = BaseViews;
			sourceTree = "<group>";
		};
		FEC94DB42C2447AA00FFEB11 /* Utilities */ = {
			isa = PBXGroup;
			children = (
				FEC8A8BF2D75C5CE000181B8 /* Localization.swift */,
				FEA53CB22C2AE812006F0116 /* Alerts */,
				FEC94DB52C2447F000FFEB11 /* BaseFlowController.swift */,
				FEC94DC42C246DF400FFEB11 /* BaseViewModel.swift */,
				FEC94DC62C24712400FFEB11 /* ViewModel.swift */,
				FEC94DEB2C25DC1600FFEB11 /* Constants.swift */,
			);
			path = Utilities;
			sourceTree = "<group>";
		};
		FEC94DB92C246C3300FFEB11 /* Feed */ = {
			isa = PBXGroup;
			children = (
				FEA53C9E2C29C5F2006F0116 /* Filter */,
				FEC94DBE2C246C5C00FFEB11 /* FeedFlowController.swift */,
				FEC94DC02C246D8600FFEB11 /* FeedView.swift */,
				FEC94DC22C246DC000FFEB11 /* FeedViewModel.swift */,
				FEC94E102C2847ED00FFEB11 /* Views */,
			);
			path = Feed;
			sourceTree = "<group>";
		};
		FEC94DBA2C246C3800FFEB11 /* Selection */ = {
			isa = PBXGroup;
			children = (
				FEC94DF52C26282000FFEB11 /* Views */,
				FEC94DC82C2479B300FFEB11 /* SelectionFlowController.swift */,
				FEC94DCA2C2479BE00FFEB11 /* SelectionView.swift */,
				FEC94DCC2C2479CD00FFEB11 /* SelectionViewModel.swift */,
			);
			path = Selection;
			sourceTree = "<group>";
		};
		FEC94DBB2C246C3E00FFEB11 /* Search */ = {
			isa = PBXGroup;
			children = (
				FEC94DCE2C247C4C00FFEB11 /* SearchViewModel.swift */,
				FEC94DD02C247C5500FFEB11 /* SearchFlowController.swift */,
				FEC94DD22C247C6100FFEB11 /* SearchView.swift */,
				FEC94E0F2C2847D300FFEB11 /* Views */,
			);
			path = Search;
			sourceTree = "<group>";
		};
		FEC94DBC2C246C4700FFEB11 /* Messages */ = {
			isa = PBXGroup;
			children = (
				FEA53CD22C2C2718006F0116 /* Chat */,
				FEA53CCD2C2C22F0006F0116 /* NewChat */,
				FEC94DD42C247C9500FFEB11 /* MessagesViewModel.swift */,
				FEC94DD62C247CB200FFEB11 /* MessagesView.swift */,
				FEC94DD82C247CCA00FFEB11 /* MessagesFlowController.swift */,
			);
			path = Messages;
			sourceTree = "<group>";
		};
		FEC94DBD2C246C4B00FFEB11 /* Profile */ = {
			isa = PBXGroup;
			children = (
				FEA53CF52C2D794F006F0116 /* NewPortfolio */,
				FEA53CE52C2D5A7C006F0116 /* Edit */,
				FEC94DDA2C247D4B00FFEB11 /* ProfileView.swift */,
				FEC94DDC2C247D7600FFEB11 /* ProfileViewModel.swift */,
				FEC94DDE2C247D9800FFEB11 /* ProfileFlowController.swift */,
				FEC94E0E2C2847BF00FFEB11 /* Views */,
			);
			path = Profile;
			sourceTree = "<group>";
		};
		FEC94DE02C25914F00FFEB11 /* DomainLayer */ = {
			isa = PBXGroup;
			children = (
				FEA53CAF2C29E4DC006F0116 /* Error */,
				FEA53CAC2C29E073006F0116 /* Extensions */,
				FE5F8A792C296EAC001EE8AF /* UseCases */,
				FE5F8A762C296D6C001EE8AF /* Repositories */,
				FEC94DE12C25916600FFEB11 /* DomainModels */,
			);
			path = DomainLayer;
			sourceTree = "<group>";
		};
		FEC94DE12C25916600FFEB11 /* DomainModels */ = {
			isa = PBXGroup;
			children = (
				FEC94DE22C25917200FFEB11 /* Portfolio.swift */,
				FEC94DFC2C262E4000FFEB11 /* User.swift */,
				FEC94DFE2C262E8F00FFEB11 /* Creator.swift */,
				FEC94E042C2701DF00FFEB11 /* Chat.swift */,
				FEC94E062C2701F500FFEB11 /* Message.swift */,
			);
			path = DomainModels;
			sourceTree = "<group>";
		};
		FEC94DE82C25BF3D00FFEB11 /* Extensions */ = {
			isa = PBXGroup;
			children = (
				FEC94DE92C25BF4B00FFEB11 /* View+Extensions.swift */,
			);
			path = Extensions;
			sourceTree = "<group>";
		};
		FEC94DF52C26282000FFEB11 /* Views */ = {
			isa = PBXGroup;
			children = (
				FEC94DF62C26283400FFEB11 /* PortfolioDetailView.swift */,
				FEC94DFA2C262AC400FFEB11 /* AuthorDetailView.swift */,
			);
			path = Views;
			sourceTree = "<group>";
		};
		FEC94E0E2C2847BF00FFEB11 /* Views */ = {
			isa = PBXGroup;
			children = (
				FEC94E022C26DD7900FFEB11 /* ProfilePictureView.swift */,
				FEC94E082C283D4C00FFEB11 /* NotCreatorView.swift */,
				FEC94E0A2C2840AA00FFEB11 /* ProfileUserInfoView.swift */,
				FEC94E0C2C2842F500FFEB11 /* ProfilePortfoliosView.swift */,
			);
			path = Views;
			sourceTree = "<group>";
		};
		FEC94E0F2C2847D300FFEB11 /* Views */ = {
			isa = PBXGroup;
			children = (
				FEC94E002C26DD2F00FFEB11 /* SearchResultsView.swift */,
			);
			path = Views;
			sourceTree = "<group>";
		};
		FEC94E102C2847ED00FFEB11 /* Views */ = {
			isa = PBXGroup;
			children = (
				FEC94DE42C2594E200FFEB11 /* PortfolioView.swift */,
				FEC94DF82C26291E00FFEB11 /* PhotoCarouselView.swift */,
			);
			path = Views;
			sourceTree = "<group>";
		};
		FEC94E112C28502E00FFEB11 /* Onboarding */ = {
			isa = PBXGroup;
			children = (
				FEA64F6B2D77111B00B11530 /* Register */,
				FEC94E122C28504900FFEB11 /* LoginCredentialsView.swift */,
				FEC94E142C28521D00FFEB11 /* SignInView.swift */,
				FEC94E162C2857D100FFEB11 /* OnboardingFlowController.swift */,
				FEC94E182C28661100FFEB11 /* SignInViewModel.swift */,
			);
			path = Onboarding;
			sourceTree = "<group>";
		};
/* End PBXGroup section */

/* Begin PBXNativeTarget section */
		FEC94D902C24398200FFEB11 /* fotofolio2pto */ = {
			isa = PBXNativeTarget;
			buildConfigurationList = FEC94DA82C24398400FFEB11 /* Build configuration list for PBXNativeTarget "fotofolio2pto" */;
			buildPhases = (
				FEC94D8D2C24398200FFEB11 /* Sources */,
				FEC94D8E2C24398200FFEB11 /* Frameworks */,
				FEC94D8F2C24398200FFEB11 /* Resources */,
			);
			buildRules = (
			);
			dependencies = (
			);
			fileSystemSynchronizedGroups = (
				FE73EED82D71C9C10045A252 /* Modifiers */,
			);
			name = fotofolio2pto;
			packageProductDependencies = (
				FEA53C9C2C29C1BA006F0116 /* Resolver */,
			);
			productName = fotofolio2pto;
			productReference = FEC94D912C24398200FFEB11 /* fotofolio2pto.app */;
			productType = "com.apple.product-type.application";
		};
/* End PBXNativeTarget section */

/* Begin PBXProject section */
		FEC94D892C24398200FFEB11 /* Project object */ = {
			isa = PBXProject;
			attributes = {
				BuildIndependentTargetsInParallel = 1;
				LastSwiftUpdateCheck = 1540;
				LastUpgradeCheck = 1540;
				TargetAttributes = {
					FEC94D902C24398200FFEB11 = {
						CreatedOnToolsVersion = 15.4;
					};
				};
			};
			buildConfigurationList = FEC94D8C2C24398200FFEB11 /* Build configuration list for PBXProject "fotofolio2pto" */;
			compatibilityVersion = "Xcode 14.0";
			developmentRegion = en;
			hasScannedForEncodings = 0;
			knownRegions = (
				en,
				Base,
			);
			mainGroup = FEC94D882C24398200FFEB11;
			packageReferences = (
				FEA53C9B2C29C1BA006F0116 /* XCRemoteSwiftPackageReference "Resolver" */,
			);
			productRefGroup = FEC94D922C24398200FFEB11 /* Products */;
			projectDirPath = "";
			projectRoot = "";
			targets = (
				FEC94D902C24398200FFEB11 /* fotofolio2pto */,
			);
		};
/* End PBXProject section */

/* Begin PBXResourcesBuildPhase section */
		FEC94D8F2C24398200FFEB11 /* Resources */ = {
			isa = PBXResourcesBuildPhase;
			buildActionMask = 2147483647;
			files = (
				FEC94DA12C24398400FFEB11 /* Assets.xcassets in Resources */,
				FEA64F792D7757B100B11530 /* Colors.xcassets in Resources */,
				FEC94DA42C24398400FFEB11 /* Base in Resources */,
			);
			runOnlyForDeploymentPostprocessing = 0;
		};
/* End PBXResourcesBuildPhase section */

/* Begin PBXSourcesBuildPhase section */
		FEC94D8D2C24398200FFEB11 /* Sources */ = {
			isa = PBXSourcesBuildPhase;
			buildActionMask = 2147483647;
			files = (
				FEA64F6F2D7712C700B11530 /* RegisterView.swift in Sources */,
				FEA53CE22C2C88EE006F0116 /* GetUsersFromQueryUseCase.swift in Sources */,
				FEC94DE32C25917200FFEB11 /* Portfolio.swift in Sources */,
				FEC94E152C28521D00FFEB11 /* SignInView.swift in Sources */,
				FEC94DC12C246D8600FFEB11 /* FeedView.swift in Sources */,
				FEA53CA32C29C76E006F0116 /* FeedRepository.swift in Sources */,
				FE5F8A782C296D81001EE8AF /* AuthRepository.swift in Sources */,
				FEA53C982C29BF97006F0116 /* Repositories+Injection.swift in Sources */,
				FEC94DD32C247C6100FFEB11 /* SearchView.swift in Sources */,
				FEA53CA92C29D7E8006F0116 /* UnflagPortfolioUseCase.swift in Sources */,
				FEC94DD52C247C9500FFEB11 /* MessagesViewModel.swift in Sources */,
				FEA53CC82C2C16E2006F0116 /* GetUserDataFromUsernameUseCase.swift in Sources */,
				FEC94E012C26DD2F00FFEB11 /* SearchResultsView.swift in Sources */,
				FEC8A8C02D75C5D5000181B8 /* Localization.swift in Sources */,
				FEC94D9F2C24398200FFEB11 /* fotofolio2pto.xcdatamodeld in Sources */,
				FEA53CD62C2C2CEC006F0116 /* CreateNewChatUseCase.swift in Sources */,
				FE5F8A862C29737F001EE8AF /* SystemUserDefaultsProvider.swift in Sources */,
				FEC94DEC2C25DC1600FFEB11 /* Constants.swift in Sources */,
				FEC94E132C28504900FFEB11 /* LoginCredentialsView.swift in Sources */,
				FEC94DAF2C243EC100FFEB11 /* BaseHostingController.swift in Sources */,
				FE5F8A892C2975FC001EE8AF /* LogoutUseCase.swift in Sources */,
				FEC94E052C2701DF00FFEB11 /* Chat.swift in Sources */,
				FEC94DB12C243F6F00FFEB11 /* BasicView.swift in Sources */,
				FEC94DE52C2594E200FFEB11 /* PortfolioView.swift in Sources */,
				FEC94DDD2C247D7600FFEB11 /* ProfileViewModel.swift in Sources */,
				FEC94DB62C2447F000FFEB11 /* BaseFlowController.swift in Sources */,
				FEC94DEE2C25ECDC00FFEB11 /* BottomSheetView.swift in Sources */,
				FEA53CDC2C2C39F0006F0116 /* GetLatestChatMessagesUseCase.swift in Sources */,
				FEA53CAE2C29E08D006F0116 /* Sequence+Extensions.swift in Sources */,
				FEC94DF22C25EF7900FFEB11 /* FilterView.swift in Sources */,
				FEA53CD12C2C2387006F0116 /* NewChatSearchViewModel.swift in Sources */,
				FEA53CDE2C2C49DF006F0116 /* GetChatUseCase.swift in Sources */,
				FEC94DEA2C25BF4B00FFEB11 /* View+Extensions.swift in Sources */,
				FEC94DCD2C2479CD00FFEB11 /* SelectionViewModel.swift in Sources */,
				FEA53CA72C29D667006F0116 /* FlagPortfolioUseCase.swift in Sources */,
				FEC94DC52C246DF400FFEB11 /* BaseViewModel.swift in Sources */,
				FEC94E092C283D4C00FFEB11 /* NotCreatorView.swift in Sources */,
				FEA53C962C29BF2F006F0116 /* Providers+Injection.swift in Sources */,
				FEC94DC72C24712400FFEB11 /* ViewModel.swift in Sources */,
				FEA53CD82C2C30BD006F0116 /* ChatViewModel.swift in Sources */,
				FE34A64F2D78BCF200CB4CAE /* CheckEmailAddressAvailableUseCase.swift in Sources */,
				FEA53CA52C29C792006F0116 /* FeedRepositoryImpl.swift in Sources */,
				FEC94DC32C246DC000FFEB11 /* FeedViewModel.swift in Sources */,
				FEA53CF72C2D7960006F0116 /* NewPortfolioViewModel.swift in Sources */,
				FEA53CD42C2C2722006F0116 /* ChatView.swift in Sources */,
				FEA53CAB2C29DE1E006F0116 /* GetFlaggedPortfoliosUseCase.swift in Sources */,
				FEA53CA12C29C70B006F0116 /* GetAllPortfoliosUseCase.swift in Sources */,
				FEC94E0D2C2842F500FFEB11 /* ProfilePortfoliosView.swift in Sources */,
				FEA53C9A2C29BFDF006F0116 /* UseCase+Injection.swift in Sources */,
				FE5F8A802C2971C7001EE8AF /* AuthRepositoryImpl.swift in Sources */,
				FEA53CE02C2C6A20006F0116 /* GetUserPortfoliosUseCase.swift in Sources */,
				FEA64F712D77135E00B11530 /* RegisterViewModel.swift in Sources */,
				FEC94E172C2857D100FFEB11 /* OnboardingFlowController.swift in Sources */,
				FEC94E032C26DD7900FFEB11 /* ProfilePictureView.swift in Sources */,
				FEA53CEF2C2D6123006F0116 /* MediaPickerView.swift in Sources */,
				FEC94DFF2C262E8F00FFEB11 /* Creator.swift in Sources */,
				FEC94DF72C26283400FFEB11 /* PortfolioDetailView.swift in Sources */,
				FE5F8A7C2C296ECA001EE8AF /* LoginWithCredentialsUseCase.swift in Sources */,
				FEA53CEB2C2D5B65006F0116 /* EditProfileDetailsView.swift in Sources */,
				FEC94DD72C247CB200FFEB11 /* MessagesView.swift in Sources */,
				FEC94DF42C25F57700FFEB11 /* FilterViewModel.swift in Sources */,
				FEC94DB82C244E9E00FFEB11 /* MainFlowController.swift in Sources */,
				FEA53CB82C2AE9B1006F0116 /* UnflagAllPortfoliosUseCase.swift in Sources */,
				FEA53CC42C2C12EE006F0116 /* MessageRepository.swift in Sources */,
				FEC94E0B2C2840AA00FFEB11 /* ProfileUserInfoView.swift in Sources */,
				FE5F8A842C297338001EE8AF /* UserDefaultsProvider.swift in Sources */,
				FEA53CCA2C2C174B006F0116 /* UserRepositoryImpl.swift in Sources */,
				FEC94DFB2C262AC400FFEB11 /* AuthorDetailView.swift in Sources */,
				FEA53CC62C2C136E006F0116 /* MessageRepositoryImpl.swift in Sources */,
				FEC94E072C2701F500FFEB11 /* Message.swift in Sources */,
				FEC94DFD2C262E4000FFEB11 /* User.swift in Sources */,
				FEA53CB12C29E57A006F0116 /* ObjectError.swift in Sources */,
				FEC94DD92C247CCA00FFEB11 /* MessagesFlowController.swift in Sources */,
				FEC94E192C28661100FFEB11 /* SignInViewModel.swift in Sources */,
				FEA53CE72C2D5A92006F0116 /* EditPersonalDetailsView.swift in Sources */,
				FEA53CDA2C2C3526006F0116 /* SendMessageUseCase.swift in Sources */,
				FEA53CB62C2AE84F006F0116 /* AlertData+SwiftUI.swift in Sources */,
				FEC94DB32C24475100FFEB11 /* AppFlowController.swift in Sources */,
				FEC94DF92C26291E00FFEB11 /* PhotoCarouselView.swift in Sources */,
				FEC94DBF2C246C5C00FFEB11 /* FeedFlowController.swift in Sources */,
				FEA53CE42C2D5A46006F0116 /* EditProfileView.swift in Sources */,
				FEC94DDF2C247D9800FFEB11 /* ProfileFlowController.swift in Sources */,
				FEC94DDB2C247D4B00FFEB11 /* ProfileView.swift in Sources */,
				FEC94DC92C2479B300FFEB11 /* SelectionFlowController.swift in Sources */,
				FEA53CBE2C2B2D3D006F0116 /* GetLoggedInUserUseCase.swift in Sources */,
				FEA53CF12C2D6280006F0116 /* EditProfileViewModel.swift in Sources */,
				FEA53CF42C2D791F006F0116 /* NewPortfolioView.swift in Sources */,
				FEA64F6D2D7711D900B11530 /* RegisterFlowController.swift in Sources */,
				FEA53CED2C2D5BAC006F0116 /* EditPortfolioView.swift in Sources */,
				FEA53CCF2C2C2304006F0116 /* NewChatSearchView.swift in Sources */,
				FEA53CC22C2C12C8006F0116 /* GetChatsForUserUseCase.swift in Sources */,
				FEC94DF02C25ED5C00FFEB11 /* RoundedCorner.swift in Sources */,
				FEA53CBC2C2B0B3D006F0116 /* GetFilteredPortfoliosUseCase.swift in Sources */,
				FEA53CB42C2AE81C006F0116 /* AlertData.swift in Sources */,
				FEC94DCF2C247C4C00FFEB11 /* SearchViewModel.swift in Sources */,
				FEC94DD12C247C5500FFEB11 /* SearchFlowController.swift in Sources */,
				FEC94D952C24398200FFEB11 /* AppDelegate.swift in Sources */,
				FEA53CF92C2D896F006F0116 /* CreatePortfolioUseCase.swift in Sources */,
				FEA53CCC2C2C1752006F0116 /* UserRepository.swift in Sources */,
				FEC94DCB2C2479BE00FFEB11 /* SelectionView.swift in Sources */,
			);
			runOnlyForDeploymentPostprocessing = 0;
		};
/* End PBXSourcesBuildPhase section */

/* Begin PBXVariantGroup section */
		FEC94DA22C24398400FFEB11 /* LaunchScreen.storyboard */ = {
			isa = PBXVariantGroup;
			children = (
				FEC94DA32C24398400FFEB11 /* Base */,
			);
			name = LaunchScreen.storyboard;
			sourceTree = "<group>";
		};
/* End PBXVariantGroup section */

/* Begin XCBuildConfiguration section */
		FEC94DA62C24398400FFEB11 /* Debug */ = {
			isa = XCBuildConfiguration;
			buildSettings = {
				ALWAYS_SEARCH_USER_PATHS = NO;
				ASSETCATALOG_COMPILER_GENERATE_SWIFT_ASSET_SYMBOL_EXTENSIONS = YES;
				CLANG_ANALYZER_NONNULL = YES;
				CLANG_ANALYZER_NUMBER_OBJECT_CONVERSION = YES_AGGRESSIVE;
				CLANG_CXX_LANGUAGE_STANDARD = "gnu++20";
				CLANG_ENABLE_MODULES = YES;
				CLANG_ENABLE_OBJC_ARC = YES;
				CLANG_ENABLE_OBJC_WEAK = YES;
				CLANG_WARN_BLOCK_CAPTURE_AUTORELEASING = YES;
				CLANG_WARN_BOOL_CONVERSION = YES;
				CLANG_WARN_COMMA = YES;
				CLANG_WARN_CONSTANT_CONVERSION = YES;
				CLANG_WARN_DEPRECATED_OBJC_IMPLEMENTATIONS = YES;
				CLANG_WARN_DIRECT_OBJC_ISA_USAGE = YES_ERROR;
				CLANG_WARN_DOCUMENTATION_COMMENTS = YES;
				CLANG_WARN_EMPTY_BODY = YES;
				CLANG_WARN_ENUM_CONVERSION = YES;
				CLANG_WARN_INFINITE_RECURSION = YES;
				CLANG_WARN_INT_CONVERSION = YES;
				CLANG_WARN_NON_LITERAL_NULL_CONVERSION = YES;
				CLANG_WARN_OBJC_IMPLICIT_RETAIN_SELF = YES;
				CLANG_WARN_OBJC_LITERAL_CONVERSION = YES;
				CLANG_WARN_OBJC_ROOT_CLASS = YES_ERROR;
				CLANG_WARN_QUOTED_INCLUDE_IN_FRAMEWORK_HEADER = YES;
				CLANG_WARN_RANGE_LOOP_ANALYSIS = YES;
				CLANG_WARN_STRICT_PROTOTYPES = YES;
				CLANG_WARN_SUSPICIOUS_MOVE = YES;
				CLANG_WARN_UNGUARDED_AVAILABILITY = YES_AGGRESSIVE;
				CLANG_WARN_UNREACHABLE_CODE = YES;
				CLANG_WARN__DUPLICATE_METHOD_MATCH = YES;
				COPY_PHASE_STRIP = NO;
				DEBUG_INFORMATION_FORMAT = dwarf;
				ENABLE_STRICT_OBJC_MSGSEND = YES;
				ENABLE_TESTABILITY = YES;
				ENABLE_USER_SCRIPT_SANDBOXING = YES;
				GCC_C_LANGUAGE_STANDARD = gnu17;
				GCC_DYNAMIC_NO_PIC = NO;
				GCC_NO_COMMON_BLOCKS = YES;
				GCC_OPTIMIZATION_LEVEL = 0;
				GCC_PREPROCESSOR_DEFINITIONS = (
					"DEBUG=1",
					"$(inherited)",
				);
				GCC_WARN_64_TO_32_BIT_CONVERSION = YES;
				GCC_WARN_ABOUT_RETURN_TYPE = YES_ERROR;
				GCC_WARN_UNDECLARED_SELECTOR = YES;
				GCC_WARN_UNINITIALIZED_AUTOS = YES_AGGRESSIVE;
				GCC_WARN_UNUSED_FUNCTION = YES;
				GCC_WARN_UNUSED_VARIABLE = YES;
				IPHONEOS_DEPLOYMENT_TARGET = 17.5;
				LOCALIZATION_PREFERS_STRING_CATALOGS = YES;
				MTL_ENABLE_DEBUG_INFO = INCLUDE_SOURCE;
				MTL_FAST_MATH = YES;
				ONLY_ACTIVE_ARCH = YES;
				SDKROOT = iphoneos;
				SWIFT_ACTIVE_COMPILATION_CONDITIONS = "DEBUG $(inherited)";
				SWIFT_OPTIMIZATION_LEVEL = "-Onone";
			};
			name = Debug;
		};
		FEC94DA72C24398400FFEB11 /* Release */ = {
			isa = XCBuildConfiguration;
			buildSettings = {
				ALWAYS_SEARCH_USER_PATHS = NO;
				ASSETCATALOG_COMPILER_GENERATE_SWIFT_ASSET_SYMBOL_EXTENSIONS = YES;
				CLANG_ANALYZER_NONNULL = YES;
				CLANG_ANALYZER_NUMBER_OBJECT_CONVERSION = YES_AGGRESSIVE;
				CLANG_CXX_LANGUAGE_STANDARD = "gnu++20";
				CLANG_ENABLE_MODULES = YES;
				CLANG_ENABLE_OBJC_ARC = YES;
				CLANG_ENABLE_OBJC_WEAK = YES;
				CLANG_WARN_BLOCK_CAPTURE_AUTORELEASING = YES;
				CLANG_WARN_BOOL_CONVERSION = YES;
				CLANG_WARN_COMMA = YES;
				CLANG_WARN_CONSTANT_CONVERSION = YES;
				CLANG_WARN_DEPRECATED_OBJC_IMPLEMENTATIONS = YES;
				CLANG_WARN_DIRECT_OBJC_ISA_USAGE = YES_ERROR;
				CLANG_WARN_DOCUMENTATION_COMMENTS = YES;
				CLANG_WARN_EMPTY_BODY = YES;
				CLANG_WARN_ENUM_CONVERSION = YES;
				CLANG_WARN_INFINITE_RECURSION = YES;
				CLANG_WARN_INT_CONVERSION = YES;
				CLANG_WARN_NON_LITERAL_NULL_CONVERSION = YES;
				CLANG_WARN_OBJC_IMPLICIT_RETAIN_SELF = YES;
				CLANG_WARN_OBJC_LITERAL_CONVERSION = YES;
				CLANG_WARN_OBJC_ROOT_CLASS = YES_ERROR;
				CLANG_WARN_QUOTED_INCLUDE_IN_FRAMEWORK_HEADER = YES;
				CLANG_WARN_RANGE_LOOP_ANALYSIS = YES;
				CLANG_WARN_STRICT_PROTOTYPES = YES;
				CLANG_WARN_SUSPICIOUS_MOVE = YES;
				CLANG_WARN_UNGUARDED_AVAILABILITY = YES_AGGRESSIVE;
				CLANG_WARN_UNREACHABLE_CODE = YES;
				CLANG_WARN__DUPLICATE_METHOD_MATCH = YES;
				COPY_PHASE_STRIP = NO;
				DEBUG_INFORMATION_FORMAT = "dwarf-with-dsym";
				ENABLE_NS_ASSERTIONS = NO;
				ENABLE_STRICT_OBJC_MSGSEND = YES;
				ENABLE_USER_SCRIPT_SANDBOXING = YES;
				GCC_C_LANGUAGE_STANDARD = gnu17;
				GCC_NO_COMMON_BLOCKS = YES;
				GCC_WARN_64_TO_32_BIT_CONVERSION = YES;
				GCC_WARN_ABOUT_RETURN_TYPE = YES_ERROR;
				GCC_WARN_UNDECLARED_SELECTOR = YES;
				GCC_WARN_UNINITIALIZED_AUTOS = YES_AGGRESSIVE;
				GCC_WARN_UNUSED_FUNCTION = YES;
				GCC_WARN_UNUSED_VARIABLE = YES;
				IPHONEOS_DEPLOYMENT_TARGET = 17.5;
				LOCALIZATION_PREFERS_STRING_CATALOGS = YES;
				MTL_ENABLE_DEBUG_INFO = NO;
				MTL_FAST_MATH = YES;
				SDKROOT = iphoneos;
				SWIFT_COMPILATION_MODE = wholemodule;
				VALIDATE_PRODUCT = YES;
			};
			name = Release;
		};
		FEC94DA92C24398400FFEB11 /* Debug */ = {
			isa = XCBuildConfiguration;
			buildSettings = {
				ASSETCATALOG_COMPILER_APPICON_NAME = AppIcon;
				ASSETCATALOG_COMPILER_GLOBAL_ACCENT_COLOR_NAME = AccentColor;
				CODE_SIGN_STYLE = Automatic;
				CURRENT_PROJECT_VERSION = 1;
				DEVELOPMENT_TEAM = CJ2UCWT27A;
				GENERATE_INFOPLIST_FILE = YES;
				INFOPLIST_FILE = fotofolio2pto/Info.plist;
				INFOPLIST_KEY_UIApplicationSupportsIndirectInputEvents = YES;
				INFOPLIST_KEY_UILaunchStoryboardName = LaunchScreen;
				INFOPLIST_KEY_UIMainStoryboardFile = "";
				INFOPLIST_KEY_UISupportedInterfaceOrientations = UIInterfaceOrientationPortrait;
				INFOPLIST_KEY_UISupportedInterfaceOrientations_iPad = "UIInterfaceOrientationLandscapeLeft UIInterfaceOrientationLandscapeRight UIInterfaceOrientationPortrait UIInterfaceOrientationPortraitUpsideDown";
				IPHONEOS_DEPLOYMENT_TARGET = 16.0;
				LD_RUNPATH_SEARCH_PATHS = (
					"$(inherited)",
					"@executable_path/Frameworks",
				);
				MARKETING_VERSION = 1.0;
				PRODUCT_BUNDLE_IDENTIFIER = cz.cvut.fit.fotofolio2pto;
				PRODUCT_NAME = "$(TARGET_NAME)";
				SWIFT_EMIT_LOC_STRINGS = YES;
				SWIFT_VERSION = 5.0;
				TARGETED_DEVICE_FAMILY = "1,2";
			};
			name = Debug;
		};
		FEC94DAA2C24398400FFEB11 /* Release */ = {
			isa = XCBuildConfiguration;
			buildSettings = {
				ASSETCATALOG_COMPILER_APPICON_NAME = AppIcon;
				ASSETCATALOG_COMPILER_GLOBAL_ACCENT_COLOR_NAME = AccentColor;
				CODE_SIGN_STYLE = Automatic;
				CURRENT_PROJECT_VERSION = 1;
				DEVELOPMENT_TEAM = CJ2UCWT27A;
				GENERATE_INFOPLIST_FILE = YES;
				INFOPLIST_FILE = fotofolio2pto/Info.plist;
				INFOPLIST_KEY_UIApplicationSupportsIndirectInputEvents = YES;
				INFOPLIST_KEY_UILaunchStoryboardName = LaunchScreen;
				INFOPLIST_KEY_UIMainStoryboardFile = "";
				INFOPLIST_KEY_UISupportedInterfaceOrientations = UIInterfaceOrientationPortrait;
				INFOPLIST_KEY_UISupportedInterfaceOrientations_iPad = "UIInterfaceOrientationLandscapeLeft UIInterfaceOrientationLandscapeRight UIInterfaceOrientationPortrait UIInterfaceOrientationPortraitUpsideDown";
				IPHONEOS_DEPLOYMENT_TARGET = 16.0;
				LD_RUNPATH_SEARCH_PATHS = (
					"$(inherited)",
					"@executable_path/Frameworks",
				);
				MARKETING_VERSION = 1.0;
				PRODUCT_BUNDLE_IDENTIFIER = cz.cvut.fit.fotofolio2pto;
				PRODUCT_NAME = "$(TARGET_NAME)";
				SWIFT_EMIT_LOC_STRINGS = YES;
				SWIFT_VERSION = 5.0;
				TARGETED_DEVICE_FAMILY = "1,2";
			};
			name = Release;
		};
/* End XCBuildConfiguration section */

/* Begin XCConfigurationList section */
		FEC94D8C2C24398200FFEB11 /* Build configuration list for PBXProject "fotofolio2pto" */ = {
			isa = XCConfigurationList;
			buildConfigurations = (
				FEC94DA62C24398400FFEB11 /* Debug */,
				FEC94DA72C24398400FFEB11 /* Release */,
			);
			defaultConfigurationIsVisible = 0;
			defaultConfigurationName = Release;
		};
		FEC94DA82C24398400FFEB11 /* Build configuration list for PBXNativeTarget "fotofolio2pto" */ = {
			isa = XCConfigurationList;
			buildConfigurations = (
				FEC94DA92C24398400FFEB11 /* Debug */,
				FEC94DAA2C24398400FFEB11 /* Release */,
			);
			defaultConfigurationIsVisible = 0;
			defaultConfigurationName = Release;
		};
/* End XCConfigurationList section */

/* Begin XCRemoteSwiftPackageReference section */
		FEA53C9B2C29C1BA006F0116 /* XCRemoteSwiftPackageReference "Resolver" */ = {
			isa = XCRemoteSwiftPackageReference;
			repositoryURL = "https://github.com/hmlongco/Resolver.git";
			requirement = {
				kind = upToNextMajorVersion;
				minimumVersion = 1.5.1;
			};
		};
/* End XCRemoteSwiftPackageReference section */

/* Begin XCSwiftPackageProductDependency section */
		FEA53C9C2C29C1BA006F0116 /* Resolver */ = {
			isa = XCSwiftPackageProductDependency;
			package = FEA53C9B2C29C1BA006F0116 /* XCRemoteSwiftPackageReference "Resolver" */;
			productName = Resolver;
		};
/* End XCSwiftPackageProductDependency section */

/* Begin XCVersionGroup section */
		FEC94D9D2C24398200FFEB11 /* fotofolio2pto.xcdatamodeld */ = {
			isa = XCVersionGroup;
			children = (
				FEC94D9E2C24398200FFEB11 /* fotofolio2pto.xcdatamodel */,
			);
			currentVersion = FEC94D9E2C24398200FFEB11 /* fotofolio2pto.xcdatamodel */;
			path = fotofolio2pto.xcdatamodeld;
			sourceTree = "<group>";
			versionGroupType = wrapper.xcdatamodel;
		};
/* End XCVersionGroup section */
	};
	rootObject = FEC94D892C24398200FFEB11 /* Project object */;
}
